
Microsoft Visual Studio Solution File, Format Version 12.00
# Visual Studio Version 16
VisualStudioVersion = 16.0.30804.86
MinimumVisualStudioVersion = 10.0.40219.1
Project("{9A19103F-16F7-4668-BE54-9A1E7A4F7556}") = "AutionApp", "AutionApp\AutionApp.csproj", "{B42B2516-563D-4CE8-9F0B-B0187FFA1857}"
EndProject
Global
	GlobalSection(SolutionConfigurationPlatforms) = preSolution
		Debug|Any CPU = Debug|Any CPU
		Release|Any CPU = Release|Any CPU
	EndGlobalSection
	GlobalSection(ProjectConfigurationPlatforms) = postSolution
		{B42B2516-563D-4CE8-9F0B-B0187FFA1857}.Debug|Any CPU.ActiveCfg = Debug|Any CPU
		{B42B2516-563D-4CE8-9F0B-B0187FFA1857}.Debug|Any CPU.Build.0 = Debug|Any CPU
		{B42B2516-563D-4CE8-9F0B-B0187FFA1857}.Release|Any CPU.ActiveCfg = Release|Any CPU
		{B42B2516-563D-4CE8-9F0B-B0187FFA1857}.Release|Any CPU.Build.0 = Release|Any CPU
	EndGlobalSection
	GlobalSection(SolutionProperties) = preSolution
		HideSolutionNode = FALSE
	EndGlobalSection
	GlobalSection(ExtensibilityGlobals) = postSolution
		SolutionGuid = {C6DE6C8C-53EE-42BE-83DE-24E0D5D20A7F}
	EndGlobalSection
EndGlobal
